
Microsoft Visual Studio Solution File, Format Version 12.00
# Visual Studio Version 16
VisualStudioVersion = 16.0.30717.126
MinimumVisualStudioVersion = 10.0.40219.1
Project("{9A19103F-16F7-4668-BE54-9A1E7A4F7556}") = "Regard.Common", "Regard.Common\Regard.Common.csproj", "{68427F19-ABF9-4D10-AD2F-9159886D9B21}"
EndProject
Project("{9A19103F-16F7-4668-BE54-9A1E7A4F7556}") = "Regard.Frontend", "Regard.Frontend\Regard.Frontend.csproj", "{BF0A697B-F65E-4FBF-AB46-2420A6BB33CC}"
EndProject
Project("{2150E333-8FDC-42A3-9474-1A3956D46DE8}") = "Solution Items", "Solution Items", "{60E3F140-3333-40C6-ACCC-5682C3D3C7FB}"
	ProjectSection(SolutionItems) = preProject
		.gitignore = .gitignore
		Jenkinsfile = Jenkinsfile
		README.md = README.md
	EndProjectSection
EndProject
Project("{FAE04EC0-301F-11D3-BF4B-00C04F79EFBC}") = "Regard.Frontend.Tests", "Regard.Frontend.Tests\Regard.Frontend.Tests.csproj", "{10B49069-48CF-4885-BE34-9AA90F05386D}"
EndProject
Global
	GlobalSection(SolutionConfigurationPlatforms) = preSolution
		Debug|Any CPU = Debug|Any CPU
		Release|Any CPU = Release|Any CPU
	EndGlobalSection
	GlobalSection(ProjectConfigurationPlatforms) = postSolution
		{68427F19-ABF9-4D10-AD2F-9159886D9B21}.Debug|Any CPU.ActiveCfg = Debug|Any CPU
		{68427F19-ABF9-4D10-AD2F-9159886D9B21}.Debug|Any CPU.Build.0 = Debug|Any CPU
		{68427F19-ABF9-4D10-AD2F-9159886D9B21}.Release|Any CPU.ActiveCfg = Release|Any CPU
		{68427F19-ABF9-4D10-AD2F-9159886D9B21}.Release|Any CPU.Build.0 = Release|Any CPU
		{BF0A697B-F65E-4FBF-AB46-2420A6BB33CC}.Debug|Any CPU.ActiveCfg = Debug|Any CPU
		{BF0A697B-F65E-4FBF-AB46-2420A6BB33CC}.Debug|Any CPU.Build.0 = Debug|Any CPU
		{BF0A697B-F65E-4FBF-AB46-2420A6BB33CC}.Release|Any CPU.ActiveCfg = Release|Any CPU
		{BF0A697B-F65E-4FBF-AB46-2420A6BB33CC}.Release|Any CPU.Build.0 = Release|Any CPU
		{10B49069-48CF-4885-BE34-9AA90F05386D}.Debug|Any CPU.ActiveCfg = Debug|Any CPU
		{10B49069-48CF-4885-BE34-9AA90F05386D}.Debug|Any CPU.Build.0 = Debug|Any CPU
		{10B49069-48CF-4885-BE34-9AA90F05386D}.Release|Any CPU.ActiveCfg = Release|Any CPU
		{10B49069-48CF-4885-BE34-9AA90F05386D}.Release|Any CPU.Build.0 = Release|Any CPU
	EndGlobalSection
	GlobalSection(SolutionProperties) = preSolution
		HideSolutionNode = FALSE
	EndGlobalSection
	GlobalSection(ExtensibilityGlobals) = postSolution
		SolutionGuid = {7A696CF7-13D9-4D0E-B34B-B8ED92861586}
	EndGlobalSection
EndGlobal
